PODS:
  - FlutterMacOS (1.0.0)
  - macos_secure_bookmarks (0.0.3):
    - FlutterMacOS
  - mp_audio_stream (0.0.3):
    - FlutterMacOS
  - proxy_setting_macos (0.0.6):
    - FlutterMacOS
  - rwkv_mobile_flutter (0.0.1):
    - FlutterMacOS

DEPENDENCIES:
  - FlutterMacOS (from `Flutter/ephemeral`)
  - macos_secure_bookmarks (from `Flutter/ephemeral/.symlinks/plugins/macos_secure_bookmarks/macos`)
  - mp_audio_stream (from `Flutter/ephemeral/.symlinks/plugins/mp_audio_stream/macos`)
  - proxy_setting_macos (from `Flutter/ephemeral/.symlinks/plugins/proxy_setting_macos/macos`)
  - rwkv_mobile_flutter (from `Flutter/ephemeral/.symlinks/plugins/rwkv_mobile_flutter/macos`)

EXTERNAL SOURCES:
  FlutterMacOS:
    :path: Flutter/ephemeral
  macos_secure_bookmarks:
    :path: Flutter/ephemeral/.symlinks/plugins/macos_secure_bookmarks/macos
  mp_audio_stream:
    :path: Flutter/ephemeral/.symlinks/plugins/mp_audio_stream/macos
  proxy_setting_macos:
    :path: Flutter/ephemeral/.symlinks/plugins/proxy_setting_macos/macos
  rwkv_mobile_flutter:
    :path: Flutter/ephemeral/.symlinks/plugins/rwkv_mobile_flutter/macos

SPEC CHECKSUMS:
  FlutterMacOS: d0db08ddef1a9af05a5ec4b724367152bb0500b1
  macos_secure_bookmarks: e096d8ec49de2d25ea47e1061b85e5f2f1520fef
  mp_audio_stream: c140c6f5d79ea84f801878e5b89f05ab5f738bde
  proxy_setting_macos: 38146ff7f48298b844111cc72138f2d047b9716d
  rwkv_mobile_flutter: 8ca6e2136af1082006740e7a3072448fd0f210e7

PODFILE CHECKSUM: be880ccf859a5bbdd29c16c522b55b2b8340b268

COCOAPODS: 1.16.2
